
Microsoft Visual Studio Solution File, Format Version 12.00
Project("{2150E333-8FDC-42A3-9474-1A3956D46DE8}") = "Solution Items", "Solution Items", "{3250740D-95F5-4675-B8E5-2936506EEE39}"
	ProjectSection(SolutionItems) = preProject
		.gitignore = .gitignore
	EndProjectSection
EndProject
Project("{2150E333-8FDC-42A3-9474-1A3956D46DE8}") = "src", "src", "{D9B7BD2B-B1E8-4D93-A322-25688AECD21F}"
EndProject
Project("{FAE04EC0-301F-11D3-BF4B-00C04F79EFBC}") = "Serialization.Zoo", "src\Serialization.Zoo\Serialization.Zoo.csproj", "{362FC679-36EA-48FE-BE8F-286CA0B3E4FD}"
EndProject
Global
	GlobalSection(SolutionConfigurationPlatforms) = preSolution
		Debug|Any CPU = Debug|Any CPU
		Release|Any CPU = Release|Any CPU
	EndGlobalSection
	GlobalSection(NestedProjects) = preSolution
		{362FC679-36EA-48FE-BE8F-286CA0B3E4FD} = {D9B7BD2B-B1E8-4D93-A322-25688AECD21F}
	EndGlobalSection
	GlobalSection(ProjectConfigurationPlatforms) = postSolution
		{362FC679-36EA-48FE-BE8F-286CA0B3E4FD}.Debug|Any CPU.ActiveCfg = Debug|Any CPU
		{362FC679-36EA-48FE-BE8F-286CA0B3E4FD}.Debug|Any CPU.Build.0 = Debug|Any CPU
		{362FC679-36EA-48FE-BE8F-286CA0B3E4FD}.Release|Any CPU.ActiveCfg = Release|Any CPU
		{362FC679-36EA-48FE-BE8F-286CA0B3E4FD}.Release|Any CPU.Build.0 = Release|Any CPU
	EndGlobalSection
EndGlobal
